<?xml version="1.0" encoding="utf-8"?>
<Project ToolsVersion="4.0" xmlns="http://schemas.microsoft.com/developer/msbuild/2003">
  <ItemGroup>
    <Filter Include="01 Engine">
      <UniqueIdentifier>{6c7f2e10-ae45-4dc2-9f47-8a51aaeaa114}</UniqueIdentifier>
    </Filter>
    <Filter Include="01 Engine\api">
      <UniqueIdentifier>{97cfc990-b4ba-4987-b5e6-9e5e03b09334}</UniqueIdentifier>
    </Filter>
    <Filter Include="01 Engine\core">
      <UniqueIdentifier>{693b6b88-4f63-4977-83ee-7b71bf948dd8}</UniqueIdentifier>
    </Filter>
    <Filter Include="01 Engine\scene">
      <UniqueIdentifier>{30aa9f19-f56d-4ed1-9742-0d297c768506}</UniqueIdentifier>
    </Filter>
    <Filter Include="01 Engine\render">
      <UniqueIdentifier>{059a82fb-ba14-4dab-914a-2ec6d20d2aba}</UniqueIdentifier>
    </Filter>
    <Filter Include="01 Engine\backend">
      <UniqueIdentifier>{9f63035c-44da-4e9c-8c65-b545f98eca72}</UniqueIdentifier>
    </Filter>
    <Filter Include="01 Engine\platform">
      <UniqueIdentifier>{f20e19b0-4059-49be-9459-db6e6a09d86a}</UniqueIdentifier>
    </Filter>
    <Filter Include="01 Engine\app">
      <UniqueIdentifier>{1dc05df3-32da-432c-af87-30ae5a7faed0}</UniqueIdentifier>
    </Filter>
    <Filter Include="01 Engine\third_party">
      <UniqueIdentifier>{6d3bacc7-da20-4f8e-99b3-247bb79a0867}</UniqueIdentifier>
    </Filter>
    <Filter Include="01 Engine\shader">
      <UniqueIdentifier>{33c6ba7e-bc00-47d2-91aa-f2c6d9339bcb}</UniqueIdentifier>
    </Filter>
    <Filter Include="01 Engine\core\assets">
      <UniqueIdentifier>{4efa5b2c-6d59-4923-8a1c-7fc0b0690836}</UniqueIdentifier>
    </Filter>
    <Filter Include="01 Engine\app\MultiShader">
      <UniqueIdentifier>{3022191d-48bc-4207-b23e-8df35bf97e9b}</UniqueIdentifier>
    </Filter>
    <Filter Include="01 Engine\shader\Neon">
      <UniqueIdentifier>{b66e25fa-7ff7-4eea-947a-6a45e01b1958}</UniqueIdentifier>
    </Filter>
    <Filter Include="01 Engine\shader\Unlite">
      <UniqueIdentifier>{2a338c23-658e-4771-9430-ef50cf531017}</UniqueIdentifier>
    </Filter>
  </ItemGroup>
  <ItemGroup>
    <ClCompile Include="..\examples\Multishaderexample.cpp">
      <Filter>01 Engine\app\MultiShader</Filter>
    </ClCompile>
    <ClCompile Include="..\examples\Neontimebuffer.cpp">
      <Filter>01 Engine\app\MultiShader</Filter>
    </ClCompile>
    <ClCompile Include="..\examples\MultitexturRTTExample.cpp">
      <Filter>01 Engine\app\MultiShader</Filter>
    </ClCompile>
    <ClCompile Include="..\src\gdxdevice.cpp">
      <Filter>01 Engine\api</Filter>
    </ClCompile>
    <ClCompile Include="..\src\gdxinterface.cpp">
      <Filter>01 Engine\api</Filter>
    </ClCompile>
    <ClCompile Include="..\src\gdxengine.cpp">
      <Filter>01 Engine\api</Filter>
    </ClCompile>
    <ClCompile Include="..\src\gdxutil.cpp">
      <Filter>01 Engine\core</Filter>
    </ClCompile>
    <ClCompile Include="..\src\core.cpp">
      <Filter>01 Engine\core</Filter>
    </ClCompile>
    <ClCompile Include="..\src\Camera.cpp">
      <Filter>01 Engine\scene</Filter>
    </ClCompile>
    <ClCompile Include="..\src\Entity.cpp">
      <Filter>01 Engine\scene</Filter>
    </ClCompile>
    <ClCompile Include="..\src\Light.cpp">
      <Filter>01 Engine\scene</Filter>
    </ClCompile>
    <ClCompile Include="..\src\Material.cpp">
      <Filter>01 Engine\scene</Filter>
    </ClCompile>
    <ClCompile Include="..\src\Mesh.cpp">
      <Filter>01 Engine\scene</Filter>
    </ClCompile>
    <ClCompile Include="..\src\Shader.cpp">
      <Filter>01 Engine\scene</Filter>
    </ClCompile>
    <ClCompile Include="..\src\Surface.cpp">
      <Filter>01 Engine\scene</Filter>
    </ClCompile>
    <ClCompile Include="..\src\Texture.cpp">
      <Filter>01 Engine\scene</Filter>
    </ClCompile>
    <ClCompile Include="..\src\RenderManager.cpp">
      <Filter>01 Engine\render</Filter>
    </ClCompile>
    <ClCompile Include="..\src\Dx11RenderBackend.cpp">
      <Filter>01 Engine\backend</Filter>
    </ClCompile>
    <ClCompile Include="..\src\ObjectManager.cpp">
      <Filter>01 Engine\scene</Filter>
    </ClCompile>
    <ClCompile Include="..\src\LightManager.cpp">
      <Filter>01 Engine\scene</Filter>
    </ClCompile>
    <ClCompile Include="..\src\CameraManager.cpp">
      <Filter>01 Engine\scene</Filter>
    </ClCompile>
    <ClCompile Include="..\src\TextureManager.cpp">
      <Filter>01 Engine\scene</Filter>
    </ClCompile>
    <ClCompile Include="..\src\GeometryHelper.cpp">
      <Filter>01 Engine\core\assets</Filter>
    </ClCompile>
    <ClCompile Include="..\src\Timer.cpp">
      <Filter>01 Engine\core\assets</Filter>
    </ClCompile>
    <ClCompile Include="..\src\Transform.cpp">
      <Filter>01 Engine\core\assets</Filter>
    </ClCompile>
    <ClCompile Include="..\examples\Adapter.cpp">
      <Filter>01 Engine\app</Filter>
    </ClCompile>
    <ClCompile Include="..\examples\EntityTest.cpp">
      <Filter>01 Engine\app</Filter>
    </ClCompile>
    <ClCompile Include="..\examples\game.cpp">
      <Filter>01 Engine\app</Filter>
    </ClCompile>
    <ClCompile Include="..\examples\GridWave.cpp">
      <Filter>01 Engine\app</Filter>
    </ClCompile>
    <ClCompile Include="..\examples\Layerexample.cpp">
      <Filter>01 Engine\app</Filter>
    </ClCompile>
    <ClCompile Include="..\examples\LightExamplescene.cpp">
      <Filter>01 Engine\app</Filter>
    </ClCompile>
    <ClCompile Include="..\examples\Multisurfaceexample.cpp">
      <Filter>01 Engine\app</Filter>
    </ClCompile>
    <ClCompile Include="..\examples\UnlitShader.cpp">
      <Filter>01 Engine\app</Filter>
    </ClCompile>
    <ClCompile Include="..\examples\MultitexturExample.cpp">
      <Filter>01 Engine\app</Filter>
    </ClCompile>
    <ClCompile Include="..\examples\Performance.cpp">
      <Filter>01 Engine\app</Filter>
    </ClCompile>
    <ClCompile Include="..\examples\Rendertotexture.cpp">
      <Filter>01 Engine\app</Filter>
    </ClCompile>
    <ClCompile Include="..\examples\ShaderExample.cpp">
      <Filter>01 Engine\app</Filter>
    </ClCompile>
    <ClCompile Include="..\examples\Simple.cpp">
      <Filter>01 Engine\app</Filter>
    </ClCompile>
    <ClCompile Include="..\examples\Speculartest.cpp">
      <Filter>01 Engine\app</Filter>
    </ClCompile>
    <ClCompile Include="..\examples\TextureTestAlt.cpp">
      <Filter>01 Engine\app</Filter>
    </ClCompile>
    <ClCompile Include="..\src\ShaderManager.cpp">
      <Filter>01 Engine\backend</Filter>
    </ClCompile>
    <ClCompile Include="..\src\BufferManager.cpp">
      <Filter>01 Engine\backend</Filter>
    </ClCompile>
    <ClCompile Include="..\src\InputLayoutManager.cpp">
      <Filter>01 Engine\backend</Filter>
    </ClCompile>
    <ClCompile Include="..\src\gdxwin.cpp">
      <Filter>01 Engine\platform</Filter>
    </ClCompile>
    <ClCompile Include="..\src\main.cpp">
      <Filter>01 Engine\platform</Filter>
    </ClCompile>
    <ClCompile Include="..\src\BackbufferTarget.cpp">
      <Filter>01 Engine\backend</Filter>
    </ClCompile>
    <ClCompile Include="..\src\ShadowMapTarget.cpp">
      <Filter>01 Engine\backend</Filter>
    </ClCompile>
    <ClCompile Include="..\src\RenderTextureTarget.cpp">
      <Filter>01 Engine\backend</Filter>
    </ClCompile>
    <ClCompile Include="..\src\SurfaceGpuBuffer.cpp">
      <Filter>01 Engine\backend</Filter>
    </ClCompile>
    <ClCompile Include="..\src\RenderCommand.cpp">
      <Filter>01 Engine\render</Filter>
    </ClCompile>
    <ClCompile Include="..\src\Dx11ShadowMap.cpp">
      <Filter>01 Engine\backend</Filter>
    </ClCompile>
    <ClCompile Include="..\examples\Material-Properties Demo.cpp">
      <Filter>01 Engine\app</Filter>
    </ClCompile>
    <ClCompile Include="..\src\TexturePool.cpp">
      <Filter>01 Engine\backend</Filter>
    </ClCompile>
  </ItemGroup>
  <ItemGroup>
    <ClInclude Include="..\examples\Neontimebuffer.h">
      <Filter>01 Engine\app\MultiShader</Filter>
    </ClInclude>
    <ClInclude Include="..\include\gidx.h">
      <Filter>01 Engine\api</Filter>
    </ClInclude>
    <ClInclude Include="..\include\gdxdevice.h">
      <Filter>01 Engine\api</Filter>
    </ClInclude>
    <ClInclude Include="..\include\gdxinterface.h">
      <Filter>01 Engine\api</Filter>
    </ClInclude>
    <ClInclude Include="..\include\gdxengine.h">
      <Filter>01 Engine\api</Filter>
    </ClInclude>
    <ClInclude Include="..\include\gdxutil.h">
      <Filter>01 Engine\core</Filter>
    </ClInclude>
    <ClInclude Include="..\include\core.h">
      <Filter>01 Engine\core</Filter>
    </ClInclude>
    <ClInclude Include="..\include\Camera.h">
      <Filter>01 Engine\scene</Filter>
    </ClInclude>
    <ClInclude Include="..\include\Entity.h">
      <Filter>01 Engine\scene</Filter>
    </ClInclude>
    <ClInclude Include="..\include\Light.h">
      <Filter>01 Engine\scene</Filter>
    </ClInclude>
    <ClInclude Include="..\include\Material.h">
      <Filter>01 Engine\scene</Filter>
    </ClInclude>
    <ClInclude Include="..\include\Mesh.h">
      <Filter>01 Engine\scene</Filter>
    </ClInclude>
    <ClInclude Include="..\include\Shader.h">
      <Filter>01 Engine\scene</Filter>
    </ClInclude>
    <ClInclude Include="..\include\Surface.h">
      <Filter>01 Engine\scene</Filter>
    </ClInclude>
    <ClInclude Include="..\include\Texture.h">
      <Filter>01 Engine\scene</Filter>
    </ClInclude>
    <ClInclude Include="..\include\RenderManager.h">
      <Filter>01 Engine\render</Filter>
    </ClInclude>
    <ClInclude Include="..\include\RenderQueue.h">
      <Filter>01 Engine\render</Filter>
    </ClInclude>
    <ClInclude Include="..\include\RenderLayers.h">
      <Filter>01 Engine\render</Filter>
    </ClInclude>
    <ClInclude Include="..\include\IRenderBackend.h">
      <Filter>01 Engine\render</Filter>
    </ClInclude>
    <ClInclude Include="..\include\IGpuResource.h">
      <Filter>01 Engine\render</Filter>
    </ClInclude>
    <ClInclude Include="..\include\Dx11RenderBackend.h">
      <Filter>01 Engine\backend</Filter>
    </ClInclude>
    <ClInclude Include="..\third_party\stb_image.h">
      <Filter>01 Engine\third_party</Filter>
    </ClInclude>
    <ClInclude Include="..\include\ObjectManager.h">
      <Filter>01 Engine\scene</Filter>
    </ClInclude>
    <ClInclude Include="..\include\LightManager.h">
      <Filter>01 Engine\scene</Filter>
    </ClInclude>
    <ClInclude Include="..\include\CameraManager.h">
      <Filter>01 Engine\scene</Filter>
    </ClInclude>
    <ClInclude Include="..\include\TextureManager.h">
      <Filter>01 Engine\scene</Filter>
    </ClInclude>
    <ClInclude Include="..\include\GeometryHelper.h">
      <Filter>01 Engine\core\assets</Filter>
    </ClInclude>
    <ClInclude Include="..\include\Timer.h">
      <Filter>01 Engine\core\assets</Filter>
    </ClInclude>
    <ClInclude Include="..\include\Transform.h">
      <Filter>01 Engine\core\assets</Filter>
    </ClInclude>
    <ClInclude Include="..\include\ShaderManager.h">
      <Filter>01 Engine\backend</Filter>
    </ClInclude>
    <ClInclude Include="..\include\BufferManager.h">
      <Filter>01 Engine\backend</Filter>
    </ClInclude>
    <ClInclude Include="..\include\InputLayoutManager.h">
      <Filter>01 Engine\backend</Filter>
    </ClInclude>
    <ClInclude Include="..\include\gdxwin.h">
      <Filter>01 Engine\platform</Filter>
    </ClInclude>
    <ClInclude Include="..\include\main.h">
      <Filter>01 Engine\platform</Filter>
    </ClInclude>
    <ClInclude Include="..\include\BackbufferTarget.h">
      <Filter>01 Engine\backend</Filter>
    </ClInclude>
    <ClInclude Include="..\include\ShadowMapTarget.h">
      <Filter>01 Engine\backend</Filter>
    </ClInclude>
    <ClInclude Include="..\include\RenderTextureTarget.h">
      <Filter>01 Engine\backend</Filter>
    </ClInclude>
    <ClInclude Include="..\include\SurfaceGpuBuffer.h">
      <Filter>01 Engine\backend</Filter>
    </ClInclude>
    <ClInclude Include="..\include\IRenderTarget.h">
      <Filter>01 Engine\backend</Filter>
    </ClInclude>
    <ClInclude Include="..\include\RenderCommand.h">
      <Filter>01 Engine\render</Filter>
    </ClInclude>
    <ClInclude Include="..\include\Viewport.h">
      <Filter>01 Engine\core\assets</Filter>
    </ClInclude>
    <ClInclude Include="..\include\gxformat.h">
      <Filter>01 Engine\core</Filter>
    </ClInclude>
    <ClInclude Include="..\include\Dx11ShadowMap.h">
      <Filter>01 Engine\backend</Filter>
    </ClInclude>
    <ClInclude Include="..\include\TexturePool.h">
      <Filter>01 Engine\backend</Filter>
    </ClInclude>
  </ItemGroup>
  <ItemGroup>
    <Text Include="..\shaders\PixelShader.hlsl">
      <Filter>01 Engine\shader</Filter>
    </Text>
    <Text Include="..\shaders\VertexShader.hlsl">
      <Filter>01 Engine\shader</Filter>
    </Text>
    <Text Include="..\shaders\PixelShaderNeon.hlsl">
      <Filter>01 Engine\shader\Neon</Filter>
    </Text>
    <Text Include="..\shaders\VertexShaderNeon.hlsl">
      <Filter>01 Engine\shader\Neon</Filter>
    </Text>
    <Text Include="..\shaders\VertexShader_PosUv.hlsl">
      <Filter>01 Engine\shader\Unlite</Filter>
    </Text>
    <Text Include="..\shaders\PixelShader_PosUv.hlsl">
      <Filter>01 Engine\shader\Unlite</Filter>
    </Text>
  </ItemGroup>
</Project>